// !$*UTF8*$!
{
	archiveVersion = 1;
	classes = {
	};
	objectVersion = 46;
	objects = {

/* Begin PBXBuildFile section */
		7EA9A04A1CE1D31D00A768A0 /* HRCustomSwitch.swift in Sources */ = {isa = PBXBuildFile; fileRef = 7EA9A0491CE1D31D00A768A0 /* HRCustomSwitch.swift */; };
		7EA9A04E1CE1D58300A768A0 /* HRRoundView.swift in Sources */ = {isa = PBXBuildFile; fileRef = 7EA9A04D1CE1D58300A768A0 /* HRRoundView.swift */; };
		7EA9A0501CE1E02B00A768A0 /* HRDevice.swift in Sources */ = {isa = PBXBuildFile; fileRef = 7EA9A04F1CE1E02B00A768A0 /* HRDevice.swift */; };
		7EADD0BD1CCDB76E00958BAE /* AppDelegate.swift in Sources */ = {isa = PBXBuildFile; fileRef = 7EADD0BC1CCDB76E00958BAE /* AppDelegate.swift */; };
		7EADD0BF1CCDB76E00958BAE /* ViewController.swift in Sources */ = {isa = PBXBuildFile; fileRef = 7EADD0BE1CCDB76E00958BAE /* ViewController.swift */; };
		7EADD0C21CCDB76E00958BAE /* Main.storyboard in Resources */ = {isa = PBXBuildFile; fileRef = 7EADD0C01CCDB76E00958BAE /* Main.storyboard */; };
		7EADD0C41CCDB76E00958BAE /* Assets.xcassets in Resources */ = {isa = PBXBuildFile; fileRef = 7EADD0C31CCDB76E00958BAE /* Assets.xcassets */; };
		7EADD0C71CCDB76E00958BAE /* LaunchScreen.storyboard in Resources */ = {isa = PBXBuildFile; fileRef = 7EADD0C51CCDB76E00958BAE /* LaunchScreen.storyboard */; };
		7EDC061E1CCDB87F00A534ED /* HRBaseModel.swift in Sources */ = {isa = PBXBuildFile; fileRef = 7EDC061D1CCDB87F00A534ED /* HRBaseModel.swift */; };
		7EDC06201CCE4A0B00A534ED /* String+extentions.swift in Sources */ = {isa = PBXBuildFile; fileRef = 7EDC061F1CCE4A0B00A534ED /* String+extentions.swift */; };
		7EDC06261CCE58F400A534ED /* UIView+extentions.swift in Sources */ = {isa = PBXBuildFile; fileRef = 7EDC06251CCE58F400A534ED /* UIView+extentions.swift */; };
		7EDC06281CCF013500A534ED /* UIImage+extensions.swift in Sources */ = {isa = PBXBuildFile; fileRef = 7EDC06271CCF013500A534ED /* UIImage+extensions.swift */; };
/* End PBXBuildFile section */

/* Begin PBXFileReference section */
		7EA9A0491CE1D31D00A768A0 /* HRCustomSwitch.swift */ = {isa = PBXFileReference; fileEncoding = 4; lastKnownFileType = sourcecode.swift; path = HRCustomSwitch.swift; sourceTree = "<group>"; };
		7EA9A04D1CE1D58300A768A0 /* HRRoundView.swift */ = {isa = PBXFileReference; fileEncoding = 4; lastKnownFileType = sourcecode.swift; path = HRRoundView.swift; sourceTree = "<group>"; };
		7EA9A04F1CE1E02B00A768A0 /* HRDevice.swift */ = {isa = PBXFileReference; fileEncoding = 4; lastKnownFileType = sourcecode.swift; path = HRDevice.swift; sourceTree = "<group>"; };
		7EADD0B91CCDB76E00958BAE /* HRSwiftUtil.app */ = {isa = PBXFileReference; explicitFileType = wrapper.application; includeInIndex = 0; path = HRSwiftUtil.app; sourceTree = BUILT_PRODUCTS_DIR; };
		7EADD0BC1CCDB76E00958BAE /* AppDelegate.swift */ = {isa = PBXFileReference; lastKnownFileType = sourcecode.swift; path = AppDelegate.swift; sourceTree = "<group>"; };
		7EADD0BE1CCDB76E00958BAE /* ViewController.swift */ = {isa = PBXFileReference; lastKnownFileType = sourcecode.swift; path = ViewController.swift; sourceTree = "<group>"; };
		7EADD0C11CCDB76E00958BAE /* Base */ = {isa = PBXFileReference; lastKnownFileType = file.storyboard; name = Base; path = Base.lproj/Main.storyboard; sourceTree = "<group>"; };
		7EADD0C31CCDB76E00958BAE /* Assets.xcassets */ = {isa = PBXFileReference; lastKnownFileType = folder.assetcatalog; path = Assets.xcassets; sourceTree = "<group>"; };
		7EADD0C61CCDB76E00958BAE /* Base */ = {isa = PBXFileReference; lastKnownFileType = file.storyboard; name = Base; path = Base.lproj/LaunchScreen.storyboard; sourceTree = "<group>"; };
		7EADD0C81CCDB76E00958BAE /* Info.plist */ = {isa = PBXFileReference; lastKnownFileType = text.plist.xml; path = Info.plist; sourceTree = "<group>"; };
		7EDC061D1CCDB87F00A534ED /* HRBaseModel.swift */ = {isa = PBXFileReference; fileEncoding = 4; lastKnownFileType = sourcecode.swift; path = HRBaseModel.swift; sourceTree = "<group>"; };
		7EDC061F1CCE4A0B00A534ED /* String+extentions.swift */ = {isa = PBXFileReference; fileEncoding = 4; lastKnownFileType = sourcecode.swift; path = "String+extentions.swift"; sourceTree = "<group>"; };
		7EDC06241CCE4FDB00A534ED /* OC-Swift-Bridge-Header.h */ = {isa = PBXFileReference; fileEncoding = 4; lastKnownFileType = sourcecode.c.h; path = "OC-Swift-Bridge-Header.h"; sourceTree = "<group>"; };
		7EDC06251CCE58F400A534ED /* UIView+extentions.swift */ = {isa = PBXFileReference; fileEncoding = 4; lastKnownFileType = sourcecode.swift; path = "UIView+extentions.swift"; sourceTree = "<group>"; };
		7EDC06271CCF013500A534ED /* UIImage+extensions.swift */ = {isa = PBXFileReference; fileEncoding = 4; lastKnownFileType = sourcecode.swift; path = "UIImage+extensions.swift"; sourceTree = "<group>"; };
/* End PBXFileReference section */

/* Begin PBXFrameworksBuildPhase section */
		7EADD0B61CCDB76E00958BAE /* Frameworks */ = {
			isa = PBXFrameworksBuildPhase;
			buildActionMask = 2147483647;
			files = (
			);
			runOnlyForDeploymentPostprocessing = 0;
		};
/* End PBXFrameworksBuildPhase section */

/* Begin PBXGroup section */
		7EADD0B01CCDB76E00958BAE = {
			isa = PBXGroup;
			children = (
				7EADD0BB1CCDB76E00958BAE /* HRSwiftUtil */,
				7EADD0BA1CCDB76E00958BAE /* Products */,
			);
			sourceTree = "<group>";
		};
		7EADD0BA1CCDB76E00958BAE /* Products */ = {
			isa = PBXGroup;
			children = (
				7EADD0B91CCDB76E00958BAE /* HRSwiftUtil.app */,
			);
			name = Products;
			sourceTree = "<group>";
		};
		7EADD0BB1CCDB76E00958BAE /* HRSwiftUtil */ = {
			isa = PBXGroup;
			children = (
				7EDC06241CCE4FDB00A534ED /* OC-Swift-Bridge-Header.h */,
				7EDC061C1CCDB86D00A534ED /* Utils */,
				7EADD0BC1CCDB76E00958BAE /* AppDelegate.swift */,
				7EADD0BE1CCDB76E00958BAE /* ViewController.swift */,
				7EADD0C01CCDB76E00958BAE /* Main.storyboard */,
				7EADD0C31CCDB76E00958BAE /* Assets.xcassets */,
				7EADD0C51CCDB76E00958BAE /* LaunchScreen.storyboard */,
				7EADD0C81CCDB76E00958BAE /* Info.plist */,
			);
			path = HRSwiftUtil;
			sourceTree = "<group>";
		};
		7EDC061C1CCDB86D00A534ED /* Utils */ = {
			isa = PBXGroup;
			children = (
				7EA9A0491CE1D31D00A768A0 /* HRCustomSwitch.swift */,
				7EDC061D1CCDB87F00A534ED /* HRBaseModel.swift */,
				7EDC061F1CCE4A0B00A534ED /* String+extentions.swift */,
				7EDC06251CCE58F400A534ED /* UIView+extentions.swift */,
				7EDC06271CCF013500A534ED /* UIImage+extensions.swift */,
				7EA9A04D1CE1D58300A768A0 /* HRRoundView.swift */,
				7EA9A04F1CE1E02B00A768A0 /* HRDevice.swift */,
			);
			path = Utils;
			sourceTree = "<group>";
		};
/* End PBXGroup section */

/* Begin PBXNativeTarget section */
		7EADD0B81CCDB76E00958BAE /* HRSwiftUtil */ = {
			isa = PBXNativeTarget;
			buildConfigurationList = 7EADD0CB1CCDB76E00958BAE /* Build configuration list for PBXNativeTarget "HRSwiftUtil" */;
			buildPhases = (
				7EADD0B51CCDB76E00958BAE /* Sources */,
				7EADD0B61CCDB76E00958BAE /* Frameworks */,
				7EADD0B71CCDB76E00958BAE /* Resources */,
			);
			buildRules = (
			);
			dependencies = (
			);
			name = HRSwiftUtil;
			productName = HRSwiftUtil;
			productReference = 7EADD0B91CCDB76E00958BAE /* HRSwiftUtil.app */;
			productType = "com.apple.product-type.application";
		};
/* End PBXNativeTarget section */

/* Begin PBXProject section */
		7EADD0B11CCDB76E00958BAE /* Project object */ = {
			isa = PBXProject;
			attributes = {
				LastSwiftUpdateCheck = 0720;
				LastUpgradeCheck = 0720;
				ORGANIZATIONNAME = ZhangHeng;
				TargetAttributes = {
					7EADD0B81CCDB76E00958BAE = {
						CreatedOnToolsVersion = 7.2.1;
					};
				};
			};
			buildConfigurationList = 7EADD0B41CCDB76E00958BAE /* Build configuration list for PBXProject "HRSwiftUtil" */;
			compatibilityVersion = "Xcode 3.2";
			developmentRegion = English;
			hasScannedForEncodings = 0;
			knownRegions = (
				en,
				Base,
			);
			mainGroup = 7EADD0B01CCDB76E00958BAE;
			productRefGroup = 7EADD0BA1CCDB76E00958BAE /* Products */;
			projectDirPath = "";
			projectRoot = "";
			targets = (
				7EADD0B81CCDB76E00958BAE /* HRSwiftUtil */,
			);
		};
/* End PBXProject section */

/* Begin PBXResourcesBuildPhase section */
		7EADD0B71CCDB76E00958BAE /* Resources */ = {
			isa = PBXResourcesBuildPhase;
			buildActionMask = 2147483647;
			files = (
				7EADD0C71CCDB76E00958BAE /* LaunchScreen.storyboard in Resources */,
				7EADD0C41CCDB76E00958BAE /* Assets.xcassets in Resources */,
				7EADD0C21CCDB76E00958BAE /* Main.storyboard in Resources */,
			);
			runOnlyForDeploymentPostprocessing = 0;
		};
/* End PBXResourcesBuildPhase section */

/* Begin PBXSourcesBuildPhase section */
		7EADD0B51CCDB76E00958BAE /* Sources */ = {
			isa = PBXSourcesBuildPhase;
			buildActionMask = 2147483647;
			files = (
				7EDC06201CCE4A0B00A534ED /* String+extentions.swift in Sources */,
				7EA9A04E1CE1D58300A768A0 /* HRRoundView.swift in Sources */,
				7EDC06261CCE58F400A534ED /* UIView+extentions.swift in Sources */,
				7EADD0BF1CCDB76E00958BAE /* ViewController.swift in Sources */,
				7EDC061E1CCDB87F00A534ED /* HRBaseModel.swift in Sources */,
				7EA9A04A1CE1D31D00A768A0 /* HRCustomSwitch.swift in Sources */,
				7EADD0BD1CCDB76E00958BAE /* AppDelegate.swift in Sources */,
				7EA9A0501CE1E02B00A768A0 /* HRDevice.swift in Sources */,
				7EDC06281CCF013500A534ED /* UIImage+extensions.swift in Sources */,
			);
			runOnlyForDeploymentPostprocessing = 0;
		};
/* End PBXSourcesBuildPhase section */

/* Begin PBXVariantGroup section */
		7EADD0C01CCDB76E00958BAE /* Main.storyboard */ = {
			isa = PBXVariantGroup;
			children = (
				7EADD0C11CCDB76E00958BAE /* Base */,
			);
			name = Main.storyboard;
			sourceTree = "<group>";
		};
		7EADD0C51CCDB76E00958BAE /* LaunchScreen.storyboard */ = {
			isa = PBXVariantGroup;
			children = (
				7EADD0C61CCDB76E00958BAE /* Base */,
			);
			name = LaunchScreen.storyboard;
			sourceTree = "<group>";
		};
/* End PBXVariantGroup section */

/* Begin XCBuildConfiguration section */
		7EADD0C91CCDB76E00958BAE /* Debug */ = {
			isa = XCBuildConfiguration;
			buildSettings = {
				ALWAYS_SEARCH_USER_PATHS = NO;
				CLANG_CXX_LANGUAGE_STANDARD = "gnu++0x";
				CLANG_CXX_LIBRARY = "libc++";
				CLANG_ENABLE_MODULES = YES;
				CLANG_ENABLE_OBJC_ARC = YES;
				CLANG_WARN_BOOL_CONVERSION = YES;
				CLANG_WARN_CONSTANT_CONVERSION = YES;
				CLANG_WARN_DIRECT_OBJC_ISA_USAGE = YES_ERROR;
				CLANG_WARN_EMPTY_BODY = YES;
				CLANG_WARN_ENUM_CONVERSION = YES;
				CLANG_WARN_INT_CONVERSION = YES;
				CLANG_WARN_OBJC_ROOT_CLASS = YES_ERROR;
				CLANG_WARN_UNREACHABLE_CODE = YES;
				CLANG_WARN__DUPLICATE_METHOD_MATCH = YES;
				"CODE_SIGN_IDENTITY[sdk=iphoneos*]" = "iPhone Developer";
				COPY_PHASE_STRIP = NO;
				DEBUG_INFORMATION_FORMAT = dwarf;
				ENABLE_STRICT_OBJC_MSGSEND = YES;
				ENABLE_TESTABILITY = YES;
				GCC_C_LANGUAGE_STANDARD = gnu99;
				GCC_DYNAMIC_NO_PIC = NO;
				GCC_NO_COMMON_BLOCKS = YES;
				GCC_OPTIMIZATION_LEVEL = 0;
				GCC_PREPROCESSOR_DEFINITIONS = (
					"DEBUG=1",
					"$(inherited)",
				);
				GCC_WARN_64_TO_32_BIT_CONVERSION = YES;
				GCC_WARN_ABOUT_RETURN_TYPE = YES_ERROR;
				GCC_WARN_UNDECLARED_SELECTOR = YES;
				GCC_WARN_UNINITIALIZED_AUTOS = YES_AGGRESSIVE;
				GCC_WARN_UNUSED_FUNCTION = YES;
				GCC_WARN_UNUSED_VARIABLE = YES;
				IPHONEOS_DEPLOYMENT_TARGET = 9.2;
				MTL_ENABLE_DEBUG_INFO = YES;
				ONLY_ACTIVE_ARCH = YES;
				SDKROOT = iphoneos;
				SWIFT_OPTIMIZATION_LEVEL = "-Onone";
			};
			name = Debug;
		};
		7EADD0CA1CCDB76E00958BAE /* Release */ = {
			isa = XCBuildConfiguration;
			buildSettings = {
				ALWAYS_SEARCH_USER_PATHS = NO;
				CLANG_CXX_LANGUAGE_STANDARD = "gnu++0x";
				CLANG_CXX_LIBRARY = "libc++";
				CLANG_ENABLE_MODULES = YES;
				CLANG_ENABLE_OBJC_ARC = YES;
				CLANG_WARN_BOOL_CONVERSION = YES;
				CLANG_WARN_CONSTANT_CONVERSION = YES;
				CLANG_WARN_DIRECT_OBJC_ISA_USAGE = YES_ERROR;
				CLANG_WARN_EMPTY_BODY = YES;
				CLANG_WARN_ENUM_CONVERSION = YES;
				CLANG_WARN_INT_CONVERSION = YES;
				CLANG_WARN_OBJC_ROOT_CLASS = YES_ERROR;
				CLANG_WARN_UNREACHABLE_CODE = YES;
				CLANG_WARN__DUPLICATE_METHOD_MATCH = YES;
				"CODE_SIGN_IDENTITY[sdk=iphoneos*]" = "iPhone Developer";
				COPY_PHASE_STRIP = NO;
				DEBUG_INFORMATION_FORMAT = "dwarf-with-dsym";
				ENABLE_NS_ASSERTIONS = NO;
				ENABLE_STRICT_OBJC_MSGSEND = YES;
				GCC_C_LANGUAGE_STANDARD = gnu99;
				GCC_NO_COMMON_BLOCKS = YES;
				GCC_WARN_64_TO_32_BIT_CONVERSION = YES;
				GCC_WARN_ABOUT_RETURN_TYPE = YES_ERROR;
				GCC_WARN_UNDECLARED_SELECTOR = YES;
				GCC_WARN_UNINITIALIZED_AUTOS = YES_AGGRESSIVE;
				GCC_WARN_UNUSED_FUNCTION = YES;
				GCC_WARN_UNUSED_VARIABLE = YES;
				IPHONEOS_DEPLOYMENT_TARGET = 9.2;
				MTL_ENABLE_DEBUG_INFO = NO;
				SDKROOT = iphoneos;
				VALIDATE_PRODUCT = YES;
			};
			name = Release;
		};
		7EADD0CC1CCDB76E00958BAE /* Debug */ = {
			isa = XCBuildConfiguration;
			buildSettings = {
				ASSETCATALOG_COMPILER_APPICON_NAME = AppIcon;
				INFOPLIST_FILE = HRSwiftUtil/Info.plist;
				LD_RUNPATH_SEARCH_PATHS = "$(inherited) @executable_path/Frameworks";
				PRODUCT_BUNDLE_IDENTIFIER = com.wanxiang.HRSwiftUtil;
				PRODUCT_NAME = "$(TARGET_NAME)";
				SWIFT_OBJC_BRIDGING_HEADER = "$(SRCROOT)/HRSwiftUtil/OC-Swift-Bridge-Header.h";
			};
			name = Debug;
		};
		7EADD0CD1CCDB76E00958BAE /* Release */ = {
			isa = XCBuildConfiguration;
			buildSettings = {
				ASSETCATALOG_COMPILER_APPICON_NAME = AppIcon;
				INFOPLIST_FILE = HRSwiftUtil/Info.plist;
				LD_RUNPATH_SEARCH_PATHS = "$(inherited) @executable_path/Frameworks";
				PRODUCT_BUNDLE_IDENTIFIER = com.wanxiang.HRSwiftUtil;
				PRODUCT_NAME = "$(TARGET_NAME)";
				SWIFT_OBJC_BRIDGING_HEADER = "$(SRCROOT)/HRSwiftUtil/OC-Swift-Bridge-Header.h";
			};
			name = Release;
		};
/* End XCBuildConfiguration section */

/* Begin XCConfigurationList section */
		7EADD0B41CCDB76E00958BAE /* Build configuration list for PBXProject "HRSwiftUtil" */ = {
			isa = XCConfigurationList;
			buildConfigurations = (
				7EADD0C91CCDB76E00958BAE /* Debug */,
				7EADD0CA1CCDB76E00958BAE /* Release */,
			);
			defaultConfigurationIsVisible = 0;
			defaultConfigurationName = Release;
		};
		7EADD0CB1CCDB76E00958BAE /* Build configuration list for PBXNativeTarget "HRSwiftUtil" */ = {
			isa = XCConfigurationList;
			buildConfigurations = (
				7EADD0CC1CCDB76E00958BAE /* Debug */,
				7EADD0CD1CCDB76E00958BAE /* Release */,
			);
			defaultConfigurationIsVisible = 0;
			defaultConfigurationName = Release;
		};
/* End XCConfigurationList section */
	};
	rootObject = 7EADD0B11CCDB76E00958BAE /* Project object */;
}
